<Solution>
  <Folder Name="/ai-engineering/" />
  <Folder Name="/interview-prep/">
    <Project Path="interview-prep/day-01-di-lifetimes/DiLifetimes.csproj" />
    <Project Path="interview-prep/day-02-async-deadlock/AsyncDeadlock.csproj" />
    <Project Path="interview-prep/day-03-middleware-order/MiddlewareOrder.csproj" />
    <Project Path="interview-prep/day-04-ef-core-n-plus-1/NPlusOneDemo.csproj" />
    <Project Path="interview-prep/day-05-ienumerable-vs-iqueryable/IEnumerableVsIQueryable.csproj" />
    <Project Path="interview-prep/day-06-memory-gc-dispose/MemoryGcDispose.csproj" />
    <Project Path="interview-prep/day-07-struct-vs-class-span/StructVsClassSpan.csproj" />
  </Folder>
</Solution>
